{
  "name": "requirejs-stencil-test",
  "version": "1.0.0",
  "lockfileVersion": 1,
  "requires": true,
  "dependencies": {
    "@edsilv/stencil-one-test": {
      "version": "0.0.1",
      "resolved": "https://registry.npmjs.org/@edsilv/stencil-one-test/-/stencil-one-test-0.0.1.tgz",
      "integrity": "sha512-Ox4izgqQ5sNodgypAyrt5lL40HPN/r0iVEac180eSu9JHoydqwkORMu6y2mehOpPM7YautxfEHQNdxZFi9a5JQ=="
    }
  }
}
